
Microsoft Visual Studio Solution File, Format Version 12.00
# Visual Studio Version 17
VisualStudioVersion = 17.0.31903.59
MinimumVisualStudioVersion = 10.0.40219.1
Project("{2150E333-8FDC-42A3-9474-1A3956D46DE8}") = "src", "src", "{827E0CD3-B72D-47B6-A68D-7590B98EB39B}"
EndProject
Project("{FAE04EC0-301F-11D3-BF4B-00C04F79EFBC}") = "OpenLogicool.Probe", "src\OpenLogicool.Probe\OpenLogicool.Probe.csproj", "{14FD2CF8-73BB-473E-90E7-EEDC802DBFB7}"
EndProject
Project("{FAE04EC0-301F-11D3-BF4B-00C04F79EFBC}") = "OpenLogicool.CaptureProbe", "src\OpenLogicool.CaptureProbe\OpenLogicool.CaptureProbe.csproj", "{9F73399B-0E88-4441-B95D-BE0FA143EEE3}"
EndProject
Project("{FAE04EC0-301F-11D3-BF4B-00C04F79EFBC}") = "OpenLogicool.Desktop.SmokeApp", "src\OpenLogicool.Desktop.SmokeApp\OpenLogicool.Desktop.SmokeApp.csproj", "{32121050-3178-4984-B517-3539F3F3A59E}"
EndProject
Project("{2150E333-8FDC-42A3-9474-1A3956D46DE8}") = "tests", "tests", "{0AB3BF05-4346-4AA6-1389-037BE0695223}"
EndProject
Project("{FAE04EC0-301F-11D3-BF4B-00C04F79EFBC}") = "OpenLogicool.Desktop.SmokeApp.Tests", "tests\OpenLogicool.Desktop.SmokeApp.Tests\OpenLogicool.Desktop.SmokeApp.Tests.csproj", "{612F69E7-73A7-42D9-8802-084AC1E9A79A}"
EndProject
Project("{FAE04EC0-301F-11D3-BF4B-00C04F79EFBC}") = "OpenLogicool.GameLab.Prototype", "src\OpenLogicool.GameLab.Prototype\OpenLogicool.GameLab.Prototype.csproj", "{5D9CFB09-F733-4F8A-AC2C-B9812505B807}"
EndProject
Project("{FAE04EC0-301F-11D3-BF4B-00C04F79EFBC}") = "OpenLogicool.GameLab.Prototype.Tests", "tests\OpenLogicool.GameLab.Prototype.Tests\OpenLogicool.GameLab.Prototype.Tests.csproj", "{EC47F3DD-ACD1-47C8-9AAA-926997280E87}"
EndProject
Project("{FAE04EC0-301F-11D3-BF4B-00C04F79EFBC}") = "OpenLogicool.AI", "src\OpenLogicool.AI\OpenLogicool.AI.csproj", "{7C67E7D9-ACE9-40A4-9837-4BE7D953D64A}"
EndProject
Project("{FAE04EC0-301F-11D3-BF4B-00C04F79EFBC}") = "OpenLogicool.Contracts", "src\OpenLogicool.Contracts\OpenLogicool.Contracts.csproj", "{4B0C7947-B302-4F1F-9A26-5AE6B1B04719}"
EndProject
Project("{FAE04EC0-301F-11D3-BF4B-00C04F79EFBC}") = "OpenLogicool.Capture", "src\OpenLogicool.Capture\OpenLogicool.Capture.csproj", "{82DF4A9E-E830-4C0F-9BB0-87166684B7B9}"
EndProject
Project("{FAE04EC0-301F-11D3-BF4B-00C04F79EFBC}") = "OpenLogicool.Desktop", "src\OpenLogicool.Desktop\OpenLogicool.Desktop.csproj", "{874D9C24-CF5D-4752-88BC-2E672B3D0D88}"
EndProject
Project("{FAE04EC0-301F-11D3-BF4B-00C04F79EFBC}") = "OpenLogicool.Domain", "src\OpenLogicool.Domain\OpenLogicool.Domain.csproj", "{31DF9142-C988-465F-A906-3B6A04E659AE}"
EndProject
Project("{FAE04EC0-301F-11D3-BF4B-00C04F79EFBC}") = "OpenLogicool.Devices.G13", "src\OpenLogicool.Devices.G13\OpenLogicool.Devices.G13.csproj", "{E2BDFAF0-AFEF-4286-BDBC-DD5B6A9FBC73}"
EndProject
Project("{FAE04EC0-301F-11D3-BF4B-00C04F79EFBC}") = "OpenLogicool.Devices.G600", "src\OpenLogicool.Devices.G600\OpenLogicool.Devices.G600.csproj", "{38650974-5FD3-4DC4-8F42-2C3E113C09AE}"
EndProject
Project("{FAE04EC0-301F-11D3-BF4B-00C04F79EFBC}") = "OpenLogicool.Host", "src\OpenLogicool.Host\OpenLogicool.Host.csproj", "{3404933E-C547-4681-A91D-35E00EFA2A6B}"
EndProject
Project("{FAE04EC0-301F-11D3-BF4B-00C04F79EFBC}") = "OpenLogicool.Input", "src\OpenLogicool.Input\OpenLogicool.Input.csproj", "{A77D8814-94DE-4CF9-99C2-48452F0E4671}"
EndProject
Project("{FAE04EC0-301F-11D3-BF4B-00C04F79EFBC}") = "OpenLogicool.Profiles", "src\OpenLogicool.Profiles\OpenLogicool.Profiles.csproj", "{2C62FB4C-E5D1-421F-8D37-99044477894D}"
EndProject
Project("{FAE04EC0-301F-11D3-BF4B-00C04F79EFBC}") = "OpenLogicool.Playbooks", "src\OpenLogicool.Playbooks\OpenLogicool.Playbooks.csproj", "{9D408F88-FA1B-4B2A-A786-9B648D96A822}"
EndProject
Project("{FAE04EC0-301F-11D3-BF4B-00C04F79EFBC}") = "OpenLogicool.Persistence", "src\OpenLogicool.Persistence\OpenLogicool.Persistence.csproj", "{4386DFF8-B289-422F-9DAC-D5E6F8611D8C}"
EndProject
Project("{FAE04EC0-301F-11D3-BF4B-00C04F79EFBC}") = "OpenLogicool.Perception", "src\OpenLogicool.Perception\OpenLogicool.Perception.csproj", "{FC5B1851-6C62-42A2-A795-441D5DF68CAE}"
EndProject
Project("{FAE04EC0-301F-11D3-BF4B-00C04F79EFBC}") = "OpenLogicool.Architecture.Tests", "tests\OpenLogicool.Architecture.Tests\OpenLogicool.Architecture.Tests.csproj", "{53C05804-74F2-4C89-AC0B-81A157BAD681}"
EndProject
Project("{FAE04EC0-301F-11D3-BF4B-00C04F79EFBC}") = "OpenLogicool.Domain.Tests", "tests\OpenLogicool.Domain.Tests\OpenLogicool.Domain.Tests.csproj", "{28E0C3D4-49D6-406C-9EEA-27E1ACEF9CCB}"
EndProject
Project("{2150E333-8FDC-42A3-9474-1A3956D46DE8}") = "tools", "tools", "{07C2787E-EAC7-C090-1BA3-A61EC2A24D84}"
EndProject
Project("{FAE04EC0-301F-11D3-BF4B-00C04F79EFBC}") = "OpenLogicool.GameLab", "tools\OpenLogicool.GameLab\OpenLogicool.GameLab.csproj", "{D2A5E965-CE5B-4580-9D05-40A9D3A21D4D}"
EndProject
Project("{FAE04EC0-301F-11D3-BF4B-00C04F79EFBC}") = "OpenLogicool.GameLab.Tests", "tests\OpenLogicool.GameLab.Tests\OpenLogicool.GameLab.Tests.csproj", "{80826D9F-C6A8-4FCB-BCEF-F0CE8637B7AB}"
EndProject
Project("{FAE04EC0-301F-11D3-BF4B-00C04F79EFBC}") = "OpenLogicool.Fakes", "tests\OpenLogicool.Fakes\OpenLogicool.Fakes.csproj", "{D7363527-8ED7-4ED6-AAA8-5EE4D106E254}"
EndProject
Project("{FAE04EC0-301F-11D3-BF4B-00C04F79EFBC}") = "OpenLogicool.Conformance.Tests", "tests\OpenLogicool.Conformance.Tests\OpenLogicool.Conformance.Tests.csproj", "{DD65EEB3-ED2D-411A-B9F7-041AF6AE7B4D}"
EndProject
Project("{FAE04EC0-301F-11D3-BF4B-00C04F79EFBC}") = "OpenLogicool.Persistence.Tests", "tests\OpenLogicool.Persistence.Tests\OpenLogicool.Persistence.Tests.csproj", "{22765A3C-7EF6-4F1D-84FA-955C9BE17EC1}"
EndProject
Project("{FAE04EC0-301F-11D3-BF4B-00C04F79EFBC}") = "OpenLogicool.Probe.Tests", "tests\OpenLogicool.Probe.Tests\OpenLogicool.Probe.Tests.csproj", "{CE4842E7-27AB-451A-B3BB-FA4CEF74909B}"
EndProject
Project("{FAE04EC0-301F-11D3-BF4B-00C04F79EFBC}") = "OpenLogicool.Devices.G13.Tests", "tests\OpenLogicool.Devices.G13.Tests\OpenLogicool.Devices.G13.Tests.csproj", "{D7ED82EE-70EE-48E8-A61B-E126409F604A}"
EndProject
Project("{FAE04EC0-301F-11D3-BF4B-00C04F79EFBC}") = "OpenLogicool.Devices.G600.Tests", "tests\OpenLogicool.Devices.G600.Tests\OpenLogicool.Devices.G600.Tests.csproj", "{3C602DFD-8E7C-4170-8BE8-88EBE82DAB8F}"
EndProject
Project("{FAE04EC0-301F-11D3-BF4B-00C04F79EFBC}") = "OpenLogicool.Input.Tests", "tests\OpenLogicool.Input.Tests\OpenLogicool.Input.Tests.csproj", "{93873130-7CA6-4833-AABE-4B352A4585F1}"
EndProject
Project("{FAE04EC0-301F-11D3-BF4B-00C04F79EFBC}") = "OpenLogicool.Watchdog", "src\OpenLogicool.Watchdog\OpenLogicool.Watchdog.csproj", "{34A88AF2-DB37-448B-9A6B-AEFC3E5F615E}"
EndProject
Global
	GlobalSection(SolutionConfigurationPlatforms) = preSolution
		Debug|Any CPU = Debug|Any CPU
		Debug|x64 = Debug|x64
		Debug|x86 = Debug|x86
		Release|Any CPU = Release|Any CPU
		Release|x64 = Release|x64
		Release|x86 = Release|x86
	EndGlobalSection
	GlobalSection(ProjectConfigurationPlatforms) = postSolution
		{14FD2CF8-73BB-473E-90E7-EEDC802DBFB7}.Debug|Any CPU.ActiveCfg = Debug|Any CPU
		{14FD2CF8-73BB-473E-90E7-EEDC802DBFB7}.Debug|Any CPU.Build.0 = Debug|Any CPU
		{14FD2CF8-73BB-473E-90E7-EEDC802DBFB7}.Debug|x64.ActiveCfg = Debug|Any CPU
		{14FD2CF8-73BB-473E-90E7-EEDC802DBFB7}.Debug|x64.Build.0 = Debug|Any CPU
		{14FD2CF8-73BB-473E-90E7-EEDC802DBFB7}.Debug|x86.ActiveCfg = Debug|Any CPU
		{14FD2CF8-73BB-473E-90E7-EEDC802DBFB7}.Debug|x86.Build.0 = Debug|Any CPU
		{14FD2CF8-73BB-473E-90E7-EEDC802DBFB7}.Release|Any CPU.ActiveCfg = Release|Any CPU
		{14FD2CF8-73BB-473E-90E7-EEDC802DBFB7}.Release|Any CPU.Build.0 = Release|Any CPU
		{14FD2CF8-73BB-473E-90E7-EEDC802DBFB7}.Release|x64.ActiveCfg = Release|Any CPU
		{14FD2CF8-73BB-473E-90E7-EEDC802DBFB7}.Release|x64.Build.0 = Release|Any CPU
		{14FD2CF8-73BB-473E-90E7-EEDC802DBFB7}.Release|x86.ActiveCfg = Release|Any CPU
		{14FD2CF8-73BB-473E-90E7-EEDC802DBFB7}.Release|x86.Build.0 = Release|Any CPU
		{9F73399B-0E88-4441-B95D-BE0FA143EEE3}.Debug|Any CPU.ActiveCfg = Debug|Any CPU
		{9F73399B-0E88-4441-B95D-BE0FA143EEE3}.Debug|Any CPU.Build.0 = Debug|Any CPU
		{9F73399B-0E88-4441-B95D-BE0FA143EEE3}.Debug|x64.ActiveCfg = Debug|Any CPU
		{9F73399B-0E88-4441-B95D-BE0FA143EEE3}.Debug|x64.Build.0 = Debug|Any CPU
		{9F73399B-0E88-4441-B95D-BE0FA143EEE3}.Debug|x86.ActiveCfg = Debug|Any CPU
		{9F73399B-0E88-4441-B95D-BE0FA143EEE3}.Debug|x86.Build.0 = Debug|Any CPU
		{9F73399B-0E88-4441-B95D-BE0FA143EEE3}.Release|Any CPU.ActiveCfg = Release|Any CPU
		{9F73399B-0E88-4441-B95D-BE0FA143EEE3}.Release|Any CPU.Build.0 = Release|Any CPU
		{9F73399B-0E88-4441-B95D-BE0FA143EEE3}.Release|x64.ActiveCfg = Release|Any CPU
		{9F73399B-0E88-4441-B95D-BE0FA143EEE3}.Release|x64.Build.0 = Release|Any CPU
		{9F73399B-0E88-4441-B95D-BE0FA143EEE3}.Release|x86.ActiveCfg = Release|Any CPU
		{9F73399B-0E88-4441-B95D-BE0FA143EEE3}.Release|x86.Build.0 = Release|Any CPU
		{32121050-3178-4984-B517-3539F3F3A59E}.Debug|Any CPU.ActiveCfg = Debug|Any CPU
		{32121050-3178-4984-B517-3539F3F3A59E}.Debug|Any CPU.Build.0 = Debug|Any CPU
		{32121050-3178-4984-B517-3539F3F3A59E}.Debug|x64.ActiveCfg = Debug|Any CPU
		{32121050-3178-4984-B517-3539F3F3A59E}.Debug|x64.Build.0 = Debug|Any CPU
		{32121050-3178-4984-B517-3539F3F3A59E}.Debug|x86.ActiveCfg = Debug|Any CPU
		{32121050-3178-4984-B517-3539F3F3A59E}.Debug|x86.Build.0 = Debug|Any CPU
		{32121050-3178-4984-B517-3539F3F3A59E}.Release|Any CPU.ActiveCfg = Release|Any CPU
		{32121050-3178-4984-B517-3539F3F3A59E}.Release|Any CPU.Build.0 = Release|Any CPU
		{32121050-3178-4984-B517-3539F3F3A59E}.Release|x64.ActiveCfg = Release|Any CPU
		{32121050-3178-4984-B517-3539F3F3A59E}.Release|x64.Build.0 = Release|Any CPU
		{32121050-3178-4984-B517-3539F3F3A59E}.Release|x86.ActiveCfg = Release|Any CPU
		{32121050-3178-4984-B517-3539F3F3A59E}.Release|x86.Build.0 = Release|Any CPU
		{612F69E7-73A7-42D9-8802-084AC1E9A79A}.Debug|Any CPU.ActiveCfg = Debug|Any CPU
		{612F69E7-73A7-42D9-8802-084AC1E9A79A}.Debug|Any CPU.Build.0 = Debug|Any CPU
		{612F69E7-73A7-42D9-8802-084AC1E9A79A}.Debug|x64.ActiveCfg = Debug|Any CPU
		{612F69E7-73A7-42D9-8802-084AC1E9A79A}.Debug|x64.Build.0 = Debug|Any CPU
		{612F69E7-73A7-42D9-8802-084AC1E9A79A}.Debug|x86.ActiveCfg = Debug|Any CPU
		{612F69E7-73A7-42D9-8802-084AC1E9A79A}.Debug|x86.Build.0 = Debug|Any CPU
		{612F69E7-73A7-42D9-8802-084AC1E9A79A}.Release|Any CPU.ActiveCfg = Release|Any CPU
		{612F69E7-73A7-42D9-8802-084AC1E9A79A}.Release|Any CPU.Build.0 = Release|Any CPU
		{612F69E7-73A7-42D9-8802-084AC1E9A79A}.Release|x64.ActiveCfg = Release|Any CPU
		{612F69E7-73A7-42D9-8802-084AC1E9A79A}.Release|x64.Build.0 = Release|Any CPU
		{612F69E7-73A7-42D9-8802-084AC1E9A79A}.Release|x86.ActiveCfg = Release|Any CPU
		{612F69E7-73A7-42D9-8802-084AC1E9A79A}.Release|x86.Build.0 = Release|Any CPU
		{5D9CFB09-F733-4F8A-AC2C-B9812505B807}.Debug|Any CPU.ActiveCfg = Debug|Any CPU
		{5D9CFB09-F733-4F8A-AC2C-B9812505B807}.Debug|Any CPU.Build.0 = Debug|Any CPU
		{5D9CFB09-F733-4F8A-AC2C-B9812505B807}.Debug|x64.ActiveCfg = Debug|Any CPU
		{5D9CFB09-F733-4F8A-AC2C-B9812505B807}.Debug|x64.Build.0 = Debug|Any CPU
		{5D9CFB09-F733-4F8A-AC2C-B9812505B807}.Debug|x86.ActiveCfg = Debug|Any CPU
		{5D9CFB09-F733-4F8A-AC2C-B9812505B807}.Debug|x86.Build.0 = Debug|Any CPU
		{5D9CFB09-F733-4F8A-AC2C-B9812505B807}.Release|Any CPU.ActiveCfg = Release|Any CPU
		{5D9CFB09-F733-4F8A-AC2C-B9812505B807}.Release|Any CPU.Build.0 = Release|Any CPU
		{5D9CFB09-F733-4F8A-AC2C-B9812505B807}.Release|x64.ActiveCfg = Release|Any CPU
		{5D9CFB09-F733-4F8A-AC2C-B9812505B807}.Release|x64.Build.0 = Release|Any CPU
		{5D9CFB09-F733-4F8A-AC2C-B9812505B807}.Release|x86.ActiveCfg = Release|Any CPU
		{5D9CFB09-F733-4F8A-AC2C-B9812505B807}.Release|x86.Build.0 = Release|Any CPU
		{EC47F3DD-ACD1-47C8-9AAA-926997280E87}.Debug|Any CPU.ActiveCfg = Debug|Any CPU
		{EC47F3DD-ACD1-47C8-9AAA-926997280E87}.Debug|Any CPU.Build.0 = Debug|Any CPU
		{EC47F3DD-ACD1-47C8-9AAA-926997280E87}.Debug|x64.ActiveCfg = Debug|Any CPU
		{EC47F3DD-ACD1-47C8-9AAA-926997280E87}.Debug|x64.Build.0 = Debug|Any CPU
		{EC47F3DD-ACD1-47C8-9AAA-926997280E87}.Debug|x86.ActiveCfg = Debug|Any CPU
		{EC47F3DD-ACD1-47C8-9AAA-926997280E87}.Debug|x86.Build.0 = Debug|Any CPU
		{EC47F3DD-ACD1-47C8-9AAA-926997280E87}.Release|Any CPU.ActiveCfg = Release|Any CPU
		{EC47F3DD-ACD1-47C8-9AAA-926997280E87}.Release|Any CPU.Build.0 = Release|Any CPU
		{EC47F3DD-ACD1-47C8-9AAA-926997280E87}.Release|x64.ActiveCfg = Release|Any CPU
		{EC47F3DD-ACD1-47C8-9AAA-926997280E87}.Release|x64.Build.0 = Release|Any CPU
		{EC47F3DD-ACD1-47C8-9AAA-926997280E87}.Release|x86.ActiveCfg = Release|Any CPU
		{EC47F3DD-ACD1-47C8-9AAA-926997280E87}.Release|x86.Build.0 = Release|Any CPU
		{7C67E7D9-ACE9-40A4-9837-4BE7D953D64A}.Debug|Any CPU.ActiveCfg = Debug|Any CPU
		{7C67E7D9-ACE9-40A4-9837-4BE7D953D64A}.Debug|Any CPU.Build.0 = Debug|Any CPU
		{7C67E7D9-ACE9-40A4-9837-4BE7D953D64A}.Debug|x64.ActiveCfg = Debug|Any CPU
		{7C67E7D9-ACE9-40A4-9837-4BE7D953D64A}.Debug|x64.Build.0 = Debug|Any CPU
		{7C67E7D9-ACE9-40A4-9837-4BE7D953D64A}.Debug|x86.ActiveCfg = Debug|Any CPU
		{7C67E7D9-ACE9-40A4-9837-4BE7D953D64A}.Debug|x86.Build.0 = Debug|Any CPU
		{7C67E7D9-ACE9-40A4-9837-4BE7D953D64A}.Release|Any CPU.ActiveCfg = Release|Any CPU
		{7C67E7D9-ACE9-40A4-9837-4BE7D953D64A}.Release|Any CPU.Build.0 = Release|Any CPU
		{7C67E7D9-ACE9-40A4-9837-4BE7D953D64A}.Release|x64.ActiveCfg = Release|Any CPU
		{7C67E7D9-ACE9-40A4-9837-4BE7D953D64A}.Release|x64.Build.0 = Release|Any CPU
		{7C67E7D9-ACE9-40A4-9837-4BE7D953D64A}.Release|x86.ActiveCfg = Release|Any CPU
		{7C67E7D9-ACE9-40A4-9837-4BE7D953D64A}.Release|x86.Build.0 = Release|Any CPU
		{4B0C7947-B302-4F1F-9A26-5AE6B1B04719}.Debug|Any CPU.ActiveCfg = Debug|Any CPU
		{4B0C7947-B302-4F1F-9A26-5AE6B1B04719}.Debug|Any CPU.Build.0 = Debug|Any CPU
		{4B0C7947-B302-4F1F-9A26-5AE6B1B04719}.Debug|x64.ActiveCfg = Debug|Any CPU
		{4B0C7947-B302-4F1F-9A26-5AE6B1B04719}.Debug|x64.Build.0 = Debug|Any CPU
		{4B0C7947-B302-4F1F-9A26-5AE6B1B04719}.Debug|x86.ActiveCfg = Debug|Any CPU
		{4B0C7947-B302-4F1F-9A26-5AE6B1B04719}.Debug|x86.Build.0 = Debug|Any CPU
		{4B0C7947-B302-4F1F-9A26-5AE6B1B04719}.Release|Any CPU.ActiveCfg = Release|Any CPU
		{4B0C7947-B302-4F1F-9A26-5AE6B1B04719}.Release|Any CPU.Build.0 = Release|Any CPU
		{4B0C7947-B302-4F1F-9A26-5AE6B1B04719}.Release|x64.ActiveCfg = Release|Any CPU
		{4B0C7947-B302-4F1F-9A26-5AE6B1B04719}.Release|x64.Build.0 = Release|Any CPU
		{4B0C7947-B302-4F1F-9A26-5AE6B1B04719}.Release|x86.ActiveCfg = Release|Any CPU
		{4B0C7947-B302-4F1F-9A26-5AE6B1B04719}.Release|x86.Build.0 = Release|Any CPU
		{82DF4A9E-E830-4C0F-9BB0-87166684B7B9}.Debug|Any CPU.ActiveCfg = Debug|Any CPU
		{82DF4A9E-E830-4C0F-9BB0-87166684B7B9}.Debug|Any CPU.Build.0 = Debug|Any CPU
		{82DF4A9E-E830-4C0F-9BB0-87166684B7B9}.Debug|x64.ActiveCfg = Debug|Any CPU
		{82DF4A9E-E830-4C0F-9BB0-87166684B7B9}.Debug|x64.Build.0 = Debug|Any CPU
		{82DF4A9E-E830-4C0F-9BB0-87166684B7B9}.Debug|x86.ActiveCfg = Debug|Any CPU
		{82DF4A9E-E830-4C0F-9BB0-87166684B7B9}.Debug|x86.Build.0 = Debug|Any CPU
		{82DF4A9E-E830-4C0F-9BB0-87166684B7B9}.Release|Any CPU.ActiveCfg = Release|Any CPU
		{82DF4A9E-E830-4C0F-9BB0-87166684B7B9}.Release|Any CPU.Build.0 = Release|Any CPU
		{82DF4A9E-E830-4C0F-9BB0-87166684B7B9}.Release|x64.ActiveCfg = Release|Any CPU
		{82DF4A9E-E830-4C0F-9BB0-87166684B7B9}.Release|x64.Build.0 = Release|Any CPU
		{82DF4A9E-E830-4C0F-9BB0-87166684B7B9}.Release|x86.ActiveCfg = Release|Any CPU
		{82DF4A9E-E830-4C0F-9BB0-87166684B7B9}.Release|x86.Build.0 = Release|Any CPU
		{874D9C24-CF5D-4752-88BC-2E672B3D0D88}.Debug|Any CPU.ActiveCfg = Debug|Any CPU
		{874D9C24-CF5D-4752-88BC-2E672B3D0D88}.Debug|Any CPU.Build.0 = Debug|Any CPU
		{874D9C24-CF5D-4752-88BC-2E672B3D0D88}.Debug|x64.ActiveCfg = Debug|Any CPU
		{874D9C24-CF5D-4752-88BC-2E672B3D0D88}.Debug|x64.Build.0 = Debug|Any CPU
		{874D9C24-CF5D-4752-88BC-2E672B3D0D88}.Debug|x86.ActiveCfg = Debug|Any CPU
		{874D9C24-CF5D-4752-88BC-2E672B3D0D88}.Debug|x86.Build.0 = Debug|Any CPU
		{874D9C24-CF5D-4752-88BC-2E672B3D0D88}.Release|Any CPU.ActiveCfg = Release|Any CPU
		{874D9C24-CF5D-4752-88BC-2E672B3D0D88}.Release|Any CPU.Build.0 = Release|Any CPU
		{874D9C24-CF5D-4752-88BC-2E672B3D0D88}.Release|x64.ActiveCfg = Release|Any CPU
		{874D9C24-CF5D-4752-88BC-2E672B3D0D88}.Release|x64.Build.0 = Release|Any CPU
		{874D9C24-CF5D-4752-88BC-2E672B3D0D88}.Release|x86.ActiveCfg = Release|Any CPU
		{874D9C24-CF5D-4752-88BC-2E672B3D0D88}.Release|x86.Build.0 = Release|Any CPU
		{31DF9142-C988-465F-A906-3B6A04E659AE}.Debug|Any CPU.ActiveCfg = Debug|Any CPU
		{31DF9142-C988-465F-A906-3B6A04E659AE}.Debug|Any CPU.Build.0 = Debug|Any CPU
		{31DF9142-C988-465F-A906-3B6A04E659AE}.Debug|x64.ActiveCfg = Debug|Any CPU
		{31DF9142-C988-465F-A906-3B6A04E659AE}.Debug|x64.Build.0 = Debug|Any CPU
		{31DF9142-C988-465F-A906-3B6A04E659AE}.Debug|x86.ActiveCfg = Debug|Any CPU
		{31DF9142-C988-465F-A906-3B6A04E659AE}.Debug|x86.Build.0 = Debug|Any CPU
		{31DF9142-C988-465F-A906-3B6A04E659AE}.Release|Any CPU.ActiveCfg = Release|Any CPU
		{31DF9142-C988-465F-A906-3B6A04E659AE}.Release|Any CPU.Build.0 = Release|Any CPU
		{31DF9142-C988-465F-A906-3B6A04E659AE}.Release|x64.ActiveCfg = Release|Any CPU
		{31DF9142-C988-465F-A906-3B6A04E659AE}.Release|x64.Build.0 = Release|Any CPU
		{31DF9142-C988-465F-A906-3B6A04E659AE}.Release|x86.ActiveCfg = Release|Any CPU
		{31DF9142-C988-465F-A906-3B6A04E659AE}.Release|x86.Build.0 = Release|Any CPU
		{E2BDFAF0-AFEF-4286-BDBC-DD5B6A9FBC73}.Debug|Any CPU.ActiveCfg = Debug|Any CPU
		{E2BDFAF0-AFEF-4286-BDBC-DD5B6A9FBC73}.Debug|Any CPU.Build.0 = Debug|Any CPU
		{E2BDFAF0-AFEF-4286-BDBC-DD5B6A9FBC73}.Debug|x64.ActiveCfg = Debug|Any CPU
		{E2BDFAF0-AFEF-4286-BDBC-DD5B6A9FBC73}.Debug|x64.Build.0 = Debug|Any CPU
		{E2BDFAF0-AFEF-4286-BDBC-DD5B6A9FBC73}.Debug|x86.ActiveCfg = Debug|Any CPU
		{E2BDFAF0-AFEF-4286-BDBC-DD5B6A9FBC73}.Debug|x86.Build.0 = Debug|Any CPU
		{E2BDFAF0-AFEF-4286-BDBC-DD5B6A9FBC73}.Release|Any CPU.ActiveCfg = Release|Any CPU
		{E2BDFAF0-AFEF-4286-BDBC-DD5B6A9FBC73}.Release|Any CPU.Build.0 = Release|Any CPU
		{E2BDFAF0-AFEF-4286-BDBC-DD5B6A9FBC73}.Release|x64.ActiveCfg = Release|Any CPU
		{E2BDFAF0-AFEF-4286-BDBC-DD5B6A9FBC73}.Release|x64.Build.0 = Release|Any CPU
		{E2BDFAF0-AFEF-4286-BDBC-DD5B6A9FBC73}.Release|x86.ActiveCfg = Release|Any CPU
		{E2BDFAF0-AFEF-4286-BDBC-DD5B6A9FBC73}.Release|x86.Build.0 = Release|Any CPU
		{38650974-5FD3-4DC4-8F42-2C3E113C09AE}.Debug|Any CPU.ActiveCfg = Debug|Any CPU
		{38650974-5FD3-4DC4-8F42-2C3E113C09AE}.Debug|Any CPU.Build.0 = Debug|Any CPU
		{38650974-5FD3-4DC4-8F42-2C3E113C09AE}.Debug|x64.ActiveCfg = Debug|Any CPU
		{38650974-5FD3-4DC4-8F42-2C3E113C09AE}.Debug|x64.Build.0 = Debug|Any CPU
		{38650974-5FD3-4DC4-8F42-2C3E113C09AE}.Debug|x86.ActiveCfg = Debug|Any CPU
		{38650974-5FD3-4DC4-8F42-2C3E113C09AE}.Debug|x86.Build.0 = Debug|Any CPU
		{38650974-5FD3-4DC4-8F42-2C3E113C09AE}.Release|Any CPU.ActiveCfg = Release|Any CPU
		{38650974-5FD3-4DC4-8F42-2C3E113C09AE}.Release|Any CPU.Build.0 = Release|Any CPU
		{38650974-5FD3-4DC4-8F42-2C3E113C09AE}.Release|x64.ActiveCfg = Release|Any CPU
		{38650974-5FD3-4DC4-8F42-2C3E113C09AE}.Release|x64.Build.0 = Release|Any CPU
		{38650974-5FD3-4DC4-8F42-2C3E113C09AE}.Release|x86.ActiveCfg = Release|Any CPU
		{38650974-5FD3-4DC4-8F42-2C3E113C09AE}.Release|x86.Build.0 = Release|Any CPU
		{3404933E-C547-4681-A91D-35E00EFA2A6B}.Debug|Any CPU.ActiveCfg = Debug|Any CPU
		{3404933E-C547-4681-A91D-35E00EFA2A6B}.Debug|Any CPU.Build.0 = Debug|Any CPU
		{3404933E-C547-4681-A91D-35E00EFA2A6B}.Debug|x64.ActiveCfg = Debug|Any CPU
		{3404933E-C547-4681-A91D-35E00EFA2A6B}.Debug|x64.Build.0 = Debug|Any CPU
		{3404933E-C547-4681-A91D-35E00EFA2A6B}.Debug|x86.ActiveCfg = Debug|Any CPU
		{3404933E-C547-4681-A91D-35E00EFA2A6B}.Debug|x86.Build.0 = Debug|Any CPU
		{3404933E-C547-4681-A91D-35E00EFA2A6B}.Release|Any CPU.ActiveCfg = Release|Any CPU
		{3404933E-C547-4681-A91D-35E00EFA2A6B}.Release|Any CPU.Build.0 = Release|Any CPU
		{3404933E-C547-4681-A91D-35E00EFA2A6B}.Release|x64.ActiveCfg = Release|Any CPU
		{3404933E-C547-4681-A91D-35E00EFA2A6B}.Release|x64.Build.0 = Release|Any CPU
		{3404933E-C547-4681-A91D-35E00EFA2A6B}.Release|x86.ActiveCfg = Release|Any CPU
		{3404933E-C547-4681-A91D-35E00EFA2A6B}.Release|x86.Build.0 = Release|Any CPU
		{A77D8814-94DE-4CF9-99C2-48452F0E4671}.Debug|Any CPU.ActiveCfg = Debug|Any CPU
		{A77D8814-94DE-4CF9-99C2-48452F0E4671}.Debug|Any CPU.Build.0 = Debug|Any CPU
		{A77D8814-94DE-4CF9-99C2-48452F0E4671}.Debug|x64.ActiveCfg = Debug|Any CPU
		{A77D8814-94DE-4CF9-99C2-48452F0E4671}.Debug|x64.Build.0 = Debug|Any CPU
		{A77D8814-94DE-4CF9-99C2-48452F0E4671}.Debug|x86.ActiveCfg = Debug|Any CPU
		{A77D8814-94DE-4CF9-99C2-48452F0E4671}.Debug|x86.Build.0 = Debug|Any CPU
		{A77D8814-94DE-4CF9-99C2-48452F0E4671}.Release|Any CPU.ActiveCfg = Release|Any CPU
		{A77D8814-94DE-4CF9-99C2-48452F0E4671}.Release|Any CPU.Build.0 = Release|Any CPU
		{A77D8814-94DE-4CF9-99C2-48452F0E4671}.Release|x64.ActiveCfg = Release|Any CPU
		{A77D8814-94DE-4CF9-99C2-48452F0E4671}.Release|x64.Build.0 = Release|Any CPU
		{A77D8814-94DE-4CF9-99C2-48452F0E4671}.Release|x86.ActiveCfg = Release|Any CPU
		{A77D8814-94DE-4CF9-99C2-48452F0E4671}.Release|x86.Build.0 = Release|Any CPU
		{2C62FB4C-E5D1-421F-8D37-99044477894D}.Debug|Any CPU.ActiveCfg = Debug|Any CPU
		{2C62FB4C-E5D1-421F-8D37-99044477894D}.Debug|Any CPU.Build.0 = Debug|Any CPU
		{2C62FB4C-E5D1-421F-8D37-99044477894D}.Debug|x64.ActiveCfg = Debug|Any CPU
		{2C62FB4C-E5D1-421F-8D37-99044477894D}.Debug|x64.Build.0 = Debug|Any CPU
		{2C62FB4C-E5D1-421F-8D37-99044477894D}.Debug|x86.ActiveCfg = Debug|Any CPU
		{2C62FB4C-E5D1-421F-8D37-99044477894D}.Debug|x86.Build.0 = Debug|Any CPU
		{2C62FB4C-E5D1-421F-8D37-99044477894D}.Release|Any CPU.ActiveCfg = Release|Any CPU
		{2C62FB4C-E5D1-421F-8D37-99044477894D}.Release|Any CPU.Build.0 = Release|Any CPU
		{2C62FB4C-E5D1-421F-8D37-99044477894D}.Release|x64.ActiveCfg = Release|Any CPU
		{2C62FB4C-E5D1-421F-8D37-99044477894D}.Release|x64.Build.0 = Release|Any CPU
		{2C62FB4C-E5D1-421F-8D37-99044477894D}.Release|x86.ActiveCfg = Release|Any CPU
		{2C62FB4C-E5D1-421F-8D37-99044477894D}.Release|x86.Build.0 = Release|Any CPU
		{9D408F88-FA1B-4B2A-A786-9B648D96A822}.Debug|Any CPU.ActiveCfg = Debug|Any CPU
		{9D408F88-FA1B-4B2A-A786-9B648D96A822}.Debug|Any CPU.Build.0 = Debug|Any CPU
		{9D408F88-FA1B-4B2A-A786-9B648D96A822}.Debug|x64.ActiveCfg = Debug|Any CPU
		{9D408F88-FA1B-4B2A-A786-9B648D96A822}.Debug|x64.Build.0 = Debug|Any CPU
		{9D408F88-FA1B-4B2A-A786-9B648D96A822}.Debug|x86.ActiveCfg = Debug|Any CPU
		{9D408F88-FA1B-4B2A-A786-9B648D96A822}.Debug|x86.Build.0 = Debug|Any CPU
		{9D408F88-FA1B-4B2A-A786-9B648D96A822}.Release|Any CPU.ActiveCfg = Release|Any CPU
		{9D408F88-FA1B-4B2A-A786-9B648D96A822}.Release|Any CPU.Build.0 = Release|Any CPU
		{9D408F88-FA1B-4B2A-A786-9B648D96A822}.Release|x64.ActiveCfg = Release|Any CPU
		{9D408F88-FA1B-4B2A-A786-9B648D96A822}.Release|x64.Build.0 = Release|Any CPU
		{9D408F88-FA1B-4B2A-A786-9B648D96A822}.Release|x86.ActiveCfg = Release|Any CPU
		{9D408F88-FA1B-4B2A-A786-9B648D96A822}.Release|x86.Build.0 = Release|Any CPU
		{4386DFF8-B289-422F-9DAC-D5E6F8611D8C}.Debug|Any CPU.ActiveCfg = Debug|Any CPU
		{4386DFF8-B289-422F-9DAC-D5E6F8611D8C}.Debug|Any CPU.Build.0 = Debug|Any CPU
		{4386DFF8-B289-422F-9DAC-D5E6F8611D8C}.Debug|x64.ActiveCfg = Debug|Any CPU
		{4386DFF8-B289-422F-9DAC-D5E6F8611D8C}.Debug|x64.Build.0 = Debug|Any CPU
		{4386DFF8-B289-422F-9DAC-D5E6F8611D8C}.Debug|x86.ActiveCfg = Debug|Any CPU
		{4386DFF8-B289-422F-9DAC-D5E6F8611D8C}.Debug|x86.Build.0 = Debug|Any CPU
		{4386DFF8-B289-422F-9DAC-D5E6F8611D8C}.Release|Any CPU.ActiveCfg = Release|Any CPU
		{4386DFF8-B289-422F-9DAC-D5E6F8611D8C}.Release|Any CPU.Build.0 = Release|Any CPU
		{4386DFF8-B289-422F-9DAC-D5E6F8611D8C}.Release|x64.ActiveCfg = Release|Any CPU
		{4386DFF8-B289-422F-9DAC-D5E6F8611D8C}.Release|x64.Build.0 = Release|Any CPU
		{4386DFF8-B289-422F-9DAC-D5E6F8611D8C}.Release|x86.ActiveCfg = Release|Any CPU
		{4386DFF8-B289-422F-9DAC-D5E6F8611D8C}.Release|x86.Build.0 = Release|Any CPU
		{FC5B1851-6C62-42A2-A795-441D5DF68CAE}.Debug|Any CPU.ActiveCfg = Debug|Any CPU
		{FC5B1851-6C62-42A2-A795-441D5DF68CAE}.Debug|Any CPU.Build.0 = Debug|Any CPU
		{FC5B1851-6C62-42A2-A795-441D5DF68CAE}.Debug|x64.ActiveCfg = Debug|Any CPU
		{FC5B1851-6C62-42A2-A795-441D5DF68CAE}.Debug|x64.Build.0 = Debug|Any CPU
		{FC5B1851-6C62-42A2-A795-441D5DF68CAE}.Debug|x86.ActiveCfg = Debug|Any CPU
		{FC5B1851-6C62-42A2-A795-441D5DF68CAE}.Debug|x86.Build.0 = Debug|Any CPU
		{FC5B1851-6C62-42A2-A795-441D5DF68CAE}.Release|Any CPU.ActiveCfg = Release|Any CPU
		{FC5B1851-6C62-42A2-A795-441D5DF68CAE}.Release|Any CPU.Build.0 = Release|Any CPU
		{FC5B1851-6C62-42A2-A795-441D5DF68CAE}.Release|x64.ActiveCfg = Release|Any CPU
		{FC5B1851-6C62-42A2-A795-441D5DF68CAE}.Release|x64.Build.0 = Release|Any CPU
		{FC5B1851-6C62-42A2-A795-441D5DF68CAE}.Release|x86.ActiveCfg = Release|Any CPU
		{FC5B1851-6C62-42A2-A795-441D5DF68CAE}.Release|x86.Build.0 = Release|Any CPU
		{53C05804-74F2-4C89-AC0B-81A157BAD681}.Debug|Any CPU.ActiveCfg = Debug|Any CPU
		{53C05804-74F2-4C89-AC0B-81A157BAD681}.Debug|Any CPU.Build.0 = Debug|Any CPU
		{53C05804-74F2-4C89-AC0B-81A157BAD681}.Debug|x64.ActiveCfg = Debug|Any CPU
		{53C05804-74F2-4C89-AC0B-81A157BAD681}.Debug|x64.Build.0 = Debug|Any CPU
		{53C05804-74F2-4C89-AC0B-81A157BAD681}.Debug|x86.ActiveCfg = Debug|Any CPU
		{53C05804-74F2-4C89-AC0B-81A157BAD681}.Debug|x86.Build.0 = Debug|Any CPU
		{53C05804-74F2-4C89-AC0B-81A157BAD681}.Release|Any CPU.ActiveCfg = Release|Any CPU
		{53C05804-74F2-4C89-AC0B-81A157BAD681}.Release|Any CPU.Build.0 = Release|Any CPU
		{53C05804-74F2-4C89-AC0B-81A157BAD681}.Release|x64.ActiveCfg = Release|Any CPU
		{53C05804-74F2-4C89-AC0B-81A157BAD681}.Release|x64.Build.0 = Release|Any CPU
		{53C05804-74F2-4C89-AC0B-81A157BAD681}.Release|x86.ActiveCfg = Release|Any CPU
		{53C05804-74F2-4C89-AC0B-81A157BAD681}.Release|x86.Build.0 = Release|Any CPU
		{28E0C3D4-49D6-406C-9EEA-27E1ACEF9CCB}.Debug|Any CPU.ActiveCfg = Debug|Any CPU
		{28E0C3D4-49D6-406C-9EEA-27E1ACEF9CCB}.Debug|Any CPU.Build.0 = Debug|Any CPU
		{28E0C3D4-49D6-406C-9EEA-27E1ACEF9CCB}.Debug|x64.ActiveCfg = Debug|Any CPU
		{28E0C3D4-49D6-406C-9EEA-27E1ACEF9CCB}.Debug|x64.Build.0 = Debug|Any CPU
		{28E0C3D4-49D6-406C-9EEA-27E1ACEF9CCB}.Debug|x86.ActiveCfg = Debug|Any CPU
		{28E0C3D4-49D6-406C-9EEA-27E1ACEF9CCB}.Debug|x86.Build.0 = Debug|Any CPU
		{28E0C3D4-49D6-406C-9EEA-27E1ACEF9CCB}.Release|Any CPU.ActiveCfg = Release|Any CPU
		{28E0C3D4-49D6-406C-9EEA-27E1ACEF9CCB}.Release|Any CPU.Build.0 = Release|Any CPU
		{28E0C3D4-49D6-406C-9EEA-27E1ACEF9CCB}.Release|x64.ActiveCfg = Release|Any CPU
		{28E0C3D4-49D6-406C-9EEA-27E1ACEF9CCB}.Release|x64.Build.0 = Release|Any CPU
		{28E0C3D4-49D6-406C-9EEA-27E1ACEF9CCB}.Release|x86.ActiveCfg = Release|Any CPU
		{28E0C3D4-49D6-406C-9EEA-27E1ACEF9CCB}.Release|x86.Build.0 = Release|Any CPU
		{D2A5E965-CE5B-4580-9D05-40A9D3A21D4D}.Debug|Any CPU.ActiveCfg = Debug|Any CPU
		{D2A5E965-CE5B-4580-9D05-40A9D3A21D4D}.Debug|Any CPU.Build.0 = Debug|Any CPU
		{D2A5E965-CE5B-4580-9D05-40A9D3A21D4D}.Debug|x64.ActiveCfg = Debug|Any CPU
		{D2A5E965-CE5B-4580-9D05-40A9D3A21D4D}.Debug|x64.Build.0 = Debug|Any CPU
		{D2A5E965-CE5B-4580-9D05-40A9D3A21D4D}.Debug|x86.ActiveCfg = Debug|Any CPU
		{D2A5E965-CE5B-4580-9D05-40A9D3A21D4D}.Debug|x86.Build.0 = Debug|Any CPU
		{D2A5E965-CE5B-4580-9D05-40A9D3A21D4D}.Release|Any CPU.ActiveCfg = Release|Any CPU
		{D2A5E965-CE5B-4580-9D05-40A9D3A21D4D}.Release|Any CPU.Build.0 = Release|Any CPU
		{D2A5E965-CE5B-4580-9D05-40A9D3A21D4D}.Release|x64.ActiveCfg = Release|Any CPU
		{D2A5E965-CE5B-4580-9D05-40A9D3A21D4D}.Release|x64.Build.0 = Release|Any CPU
		{D2A5E965-CE5B-4580-9D05-40A9D3A21D4D}.Release|x86.ActiveCfg = Release|Any CPU
		{D2A5E965-CE5B-4580-9D05-40A9D3A21D4D}.Release|x86.Build.0 = Release|Any CPU
		{80826D9F-C6A8-4FCB-BCEF-F0CE8637B7AB}.Debug|Any CPU.ActiveCfg = Debug|Any CPU
		{80826D9F-C6A8-4FCB-BCEF-F0CE8637B7AB}.Debug|Any CPU.Build.0 = Debug|Any CPU
		{80826D9F-C6A8-4FCB-BCEF-F0CE8637B7AB}.Debug|x64.ActiveCfg = Debug|Any CPU
		{80826D9F-C6A8-4FCB-BCEF-F0CE8637B7AB}.Debug|x64.Build.0 = Debug|Any CPU
		{80826D9F-C6A8-4FCB-BCEF-F0CE8637B7AB}.Debug|x86.ActiveCfg = Debug|Any CPU
		{80826D9F-C6A8-4FCB-BCEF-F0CE8637B7AB}.Debug|x86.Build.0 = Debug|Any CPU
		{80826D9F-C6A8-4FCB-BCEF-F0CE8637B7AB}.Release|Any CPU.ActiveCfg = Release|Any CPU
		{80826D9F-C6A8-4FCB-BCEF-F0CE8637B7AB}.Release|Any CPU.Build.0 = Release|Any CPU
		{80826D9F-C6A8-4FCB-BCEF-F0CE8637B7AB}.Release|x64.ActiveCfg = Release|Any CPU
		{80826D9F-C6A8-4FCB-BCEF-F0CE8637B7AB}.Release|x64.Build.0 = Release|Any CPU
		{80826D9F-C6A8-4FCB-BCEF-F0CE8637B7AB}.Release|x86.ActiveCfg = Release|Any CPU
		{80826D9F-C6A8-4FCB-BCEF-F0CE8637B7AB}.Release|x86.Build.0 = Release|Any CPU
		{D7363527-8ED7-4ED6-AAA8-5EE4D106E254}.Debug|Any CPU.ActiveCfg = Debug|Any CPU
		{D7363527-8ED7-4ED6-AAA8-5EE4D106E254}.Debug|Any CPU.Build.0 = Debug|Any CPU
		{D7363527-8ED7-4ED6-AAA8-5EE4D106E254}.Debug|x64.ActiveCfg = Debug|Any CPU
		{D7363527-8ED7-4ED6-AAA8-5EE4D106E254}.Debug|x64.Build.0 = Debug|Any CPU
		{D7363527-8ED7-4ED6-AAA8-5EE4D106E254}.Debug|x86.ActiveCfg = Debug|Any CPU
		{D7363527-8ED7-4ED6-AAA8-5EE4D106E254}.Debug|x86.Build.0 = Debug|Any CPU
		{D7363527-8ED7-4ED6-AAA8-5EE4D106E254}.Release|Any CPU.ActiveCfg = Release|Any CPU
		{D7363527-8ED7-4ED6-AAA8-5EE4D106E254}.Release|Any CPU.Build.0 = Release|Any CPU
		{D7363527-8ED7-4ED6-AAA8-5EE4D106E254}.Release|x64.ActiveCfg = Release|Any CPU
		{D7363527-8ED7-4ED6-AAA8-5EE4D106E254}.Release|x64.Build.0 = Release|Any CPU
		{D7363527-8ED7-4ED6-AAA8-5EE4D106E254}.Release|x86.ActiveCfg = Release|Any CPU
		{D7363527-8ED7-4ED6-AAA8-5EE4D106E254}.Release|x86.Build.0 = Release|Any CPU
		{DD65EEB3-ED2D-411A-B9F7-041AF6AE7B4D}.Debug|Any CPU.ActiveCfg = Debug|Any CPU
		{DD65EEB3-ED2D-411A-B9F7-041AF6AE7B4D}.Debug|Any CPU.Build.0 = Debug|Any CPU
		{DD65EEB3-ED2D-411A-B9F7-041AF6AE7B4D}.Debug|x64.ActiveCfg = Debug|Any CPU
		{DD65EEB3-ED2D-411A-B9F7-041AF6AE7B4D}.Debug|x64.Build.0 = Debug|Any CPU
		{DD65EEB3-ED2D-411A-B9F7-041AF6AE7B4D}.Debug|x86.ActiveCfg = Debug|Any CPU
		{DD65EEB3-ED2D-411A-B9F7-041AF6AE7B4D}.Debug|x86.Build.0 = Debug|Any CPU
		{DD65EEB3-ED2D-411A-B9F7-041AF6AE7B4D}.Release|Any CPU.ActiveCfg = Release|Any CPU
		{DD65EEB3-ED2D-411A-B9F7-041AF6AE7B4D}.Release|Any CPU.Build.0 = Release|Any CPU
		{DD65EEB3-ED2D-411A-B9F7-041AF6AE7B4D}.Release|x64.ActiveCfg = Release|Any CPU
		{DD65EEB3-ED2D-411A-B9F7-041AF6AE7B4D}.Release|x64.Build.0 = Release|Any CPU
		{DD65EEB3-ED2D-411A-B9F7-041AF6AE7B4D}.Release|x86.ActiveCfg = Release|Any CPU
		{DD65EEB3-ED2D-411A-B9F7-041AF6AE7B4D}.Release|x86.Build.0 = Release|Any CPU
		{22765A3C-7EF6-4F1D-84FA-955C9BE17EC1}.Debug|Any CPU.ActiveCfg = Debug|Any CPU
		{22765A3C-7EF6-4F1D-84FA-955C9BE17EC1}.Debug|Any CPU.Build.0 = Debug|Any CPU
		{22765A3C-7EF6-4F1D-84FA-955C9BE17EC1}.Debug|x64.ActiveCfg = Debug|Any CPU
		{22765A3C-7EF6-4F1D-84FA-955C9BE17EC1}.Debug|x64.Build.0 = Debug|Any CPU
		{22765A3C-7EF6-4F1D-84FA-955C9BE17EC1}.Debug|x86.ActiveCfg = Debug|Any CPU
		{22765A3C-7EF6-4F1D-84FA-955C9BE17EC1}.Debug|x86.Build.0 = Debug|Any CPU
		{22765A3C-7EF6-4F1D-84FA-955C9BE17EC1}.Release|Any CPU.ActiveCfg = Release|Any CPU
		{22765A3C-7EF6-4F1D-84FA-955C9BE17EC1}.Release|Any CPU.Build.0 = Release|Any CPU
		{22765A3C-7EF6-4F1D-84FA-955C9BE17EC1}.Release|x64.ActiveCfg = Release|Any CPU
		{22765A3C-7EF6-4F1D-84FA-955C9BE17EC1}.Release|x64.Build.0 = Release|Any CPU
		{22765A3C-7EF6-4F1D-84FA-955C9BE17EC1}.Release|x86.ActiveCfg = Release|Any CPU
		{22765A3C-7EF6-4F1D-84FA-955C9BE17EC1}.Release|x86.Build.0 = Release|Any CPU
		{CE4842E7-27AB-451A-B3BB-FA4CEF74909B}.Debug|Any CPU.ActiveCfg = Debug|Any CPU
		{CE4842E7-27AB-451A-B3BB-FA4CEF74909B}.Debug|Any CPU.Build.0 = Debug|Any CPU
		{CE4842E7-27AB-451A-B3BB-FA4CEF74909B}.Debug|x64.ActiveCfg = Debug|Any CPU
		{CE4842E7-27AB-451A-B3BB-FA4CEF74909B}.Debug|x64.Build.0 = Debug|Any CPU
		{CE4842E7-27AB-451A-B3BB-FA4CEF74909B}.Debug|x86.ActiveCfg = Debug|Any CPU
		{CE4842E7-27AB-451A-B3BB-FA4CEF74909B}.Debug|x86.Build.0 = Debug|Any CPU
		{CE4842E7-27AB-451A-B3BB-FA4CEF74909B}.Release|Any CPU.ActiveCfg = Release|Any CPU
		{CE4842E7-27AB-451A-B3BB-FA4CEF74909B}.Release|Any CPU.Build.0 = Release|Any CPU
		{CE4842E7-27AB-451A-B3BB-FA4CEF74909B}.Release|x64.ActiveCfg = Release|Any CPU
		{CE4842E7-27AB-451A-B3BB-FA4CEF74909B}.Release|x64.Build.0 = Release|Any CPU
		{CE4842E7-27AB-451A-B3BB-FA4CEF74909B}.Release|x86.ActiveCfg = Release|Any CPU
		{CE4842E7-27AB-451A-B3BB-FA4CEF74909B}.Release|x86.Build.0 = Release|Any CPU
		{D7ED82EE-70EE-48E8-A61B-E126409F604A}.Debug|Any CPU.ActiveCfg = Debug|Any CPU
		{D7ED82EE-70EE-48E8-A61B-E126409F604A}.Debug|Any CPU.Build.0 = Debug|Any CPU
		{D7ED82EE-70EE-48E8-A61B-E126409F604A}.Debug|x64.ActiveCfg = Debug|Any CPU
		{D7ED82EE-70EE-48E8-A61B-E126409F604A}.Debug|x64.Build.0 = Debug|Any CPU
		{D7ED82EE-70EE-48E8-A61B-E126409F604A}.Debug|x86.ActiveCfg = Debug|Any CPU
		{D7ED82EE-70EE-48E8-A61B-E126409F604A}.Debug|x86.Build.0 = Debug|Any CPU
		{D7ED82EE-70EE-48E8-A61B-E126409F604A}.Release|Any CPU.ActiveCfg = Release|Any CPU
		{D7ED82EE-70EE-48E8-A61B-E126409F604A}.Release|Any CPU.Build.0 = Release|Any CPU
		{D7ED82EE-70EE-48E8-A61B-E126409F604A}.Release|x64.ActiveCfg = Release|Any CPU
		{D7ED82EE-70EE-48E8-A61B-E126409F604A}.Release|x64.Build.0 = Release|Any CPU
		{D7ED82EE-70EE-48E8-A61B-E126409F604A}.Release|x86.ActiveCfg = Release|Any CPU
		{D7ED82EE-70EE-48E8-A61B-E126409F604A}.Release|x86.Build.0 = Release|Any CPU
		{3C602DFD-8E7C-4170-8BE8-88EBE82DAB8F}.Debug|Any CPU.ActiveCfg = Debug|Any CPU
		{3C602DFD-8E7C-4170-8BE8-88EBE82DAB8F}.Debug|Any CPU.Build.0 = Debug|Any CPU
		{3C602DFD-8E7C-4170-8BE8-88EBE82DAB8F}.Debug|x64.ActiveCfg = Debug|Any CPU
		{3C602DFD-8E7C-4170-8BE8-88EBE82DAB8F}.Debug|x64.Build.0 = Debug|Any CPU
		{3C602DFD-8E7C-4170-8BE8-88EBE82DAB8F}.Debug|x86.ActiveCfg = Debug|Any CPU
		{3C602DFD-8E7C-4170-8BE8-88EBE82DAB8F}.Debug|x86.Build.0 = Debug|Any CPU
		{3C602DFD-8E7C-4170-8BE8-88EBE82DAB8F}.Release|Any CPU.ActiveCfg = Release|Any CPU
		{3C602DFD-8E7C-4170-8BE8-88EBE82DAB8F}.Release|Any CPU.Build.0 = Release|Any CPU
		{3C602DFD-8E7C-4170-8BE8-88EBE82DAB8F}.Release|x64.ActiveCfg = Release|Any CPU
		{3C602DFD-8E7C-4170-8BE8-88EBE82DAB8F}.Release|x64.Build.0 = Release|Any CPU
		{3C602DFD-8E7C-4170-8BE8-88EBE82DAB8F}.Release|x86.ActiveCfg = Release|Any CPU
		{3C602DFD-8E7C-4170-8BE8-88EBE82DAB8F}.Release|x86.Build.0 = Release|Any CPU
		{93873130-7CA6-4833-AABE-4B352A4585F1}.Debug|Any CPU.ActiveCfg = Debug|Any CPU
		{93873130-7CA6-4833-AABE-4B352A4585F1}.Debug|Any CPU.Build.0 = Debug|Any CPU
		{93873130-7CA6-4833-AABE-4B352A4585F1}.Debug|x64.ActiveCfg = Debug|Any CPU
		{93873130-7CA6-4833-AABE-4B352A4585F1}.Debug|x64.Build.0 = Debug|Any CPU
		{93873130-7CA6-4833-AABE-4B352A4585F1}.Debug|x86.ActiveCfg = Debug|Any CPU
		{93873130-7CA6-4833-AABE-4B352A4585F1}.Debug|x86.Build.0 = Debug|Any CPU
		{93873130-7CA6-4833-AABE-4B352A4585F1}.Release|Any CPU.ActiveCfg = Release|Any CPU
		{93873130-7CA6-4833-AABE-4B352A4585F1}.Release|Any CPU.Build.0 = Release|Any CPU
		{93873130-7CA6-4833-AABE-4B352A4585F1}.Release|x64.ActiveCfg = Release|Any CPU
		{93873130-7CA6-4833-AABE-4B352A4585F1}.Release|x64.Build.0 = Release|Any CPU
		{93873130-7CA6-4833-AABE-4B352A4585F1}.Release|x86.ActiveCfg = Release|Any CPU
		{93873130-7CA6-4833-AABE-4B352A4585F1}.Release|x86.Build.0 = Release|Any CPU
		{34A88AF2-DB37-448B-9A6B-AEFC3E5F615E}.Debug|Any CPU.ActiveCfg = Debug|Any CPU
		{34A88AF2-DB37-448B-9A6B-AEFC3E5F615E}.Debug|Any CPU.Build.0 = Debug|Any CPU
		{34A88AF2-DB37-448B-9A6B-AEFC3E5F615E}.Debug|x64.ActiveCfg = Debug|Any CPU
		{34A88AF2-DB37-448B-9A6B-AEFC3E5F615E}.Debug|x64.Build.0 = Debug|Any CPU
		{34A88AF2-DB37-448B-9A6B-AEFC3E5F615E}.Debug|x86.ActiveCfg = Debug|Any CPU
		{34A88AF2-DB37-448B-9A6B-AEFC3E5F615E}.Debug|x86.Build.0 = Debug|Any CPU
		{34A88AF2-DB37-448B-9A6B-AEFC3E5F615E}.Release|Any CPU.ActiveCfg = Release|Any CPU
		{34A88AF2-DB37-448B-9A6B-AEFC3E5F615E}.Release|Any CPU.Build.0 = Release|Any CPU
		{34A88AF2-DB37-448B-9A6B-AEFC3E5F615E}.Release|x64.ActiveCfg = Release|Any CPU
		{34A88AF2-DB37-448B-9A6B-AEFC3E5F615E}.Release|x64.Build.0 = Release|Any CPU
		{34A88AF2-DB37-448B-9A6B-AEFC3E5F615E}.Release|x86.ActiveCfg = Release|Any CPU
		{34A88AF2-DB37-448B-9A6B-AEFC3E5F615E}.Release|x86.Build.0 = Release|Any CPU
	EndGlobalSection
	GlobalSection(SolutionProperties) = preSolution
		HideSolutionNode = FALSE
	EndGlobalSection
	GlobalSection(NestedProjects) = preSolution
		{14FD2CF8-73BB-473E-90E7-EEDC802DBFB7} = {827E0CD3-B72D-47B6-A68D-7590B98EB39B}
		{9F73399B-0E88-4441-B95D-BE0FA143EEE3} = {827E0CD3-B72D-47B6-A68D-7590B98EB39B}
		{32121050-3178-4984-B517-3539F3F3A59E} = {827E0CD3-B72D-47B6-A68D-7590B98EB39B}
		{612F69E7-73A7-42D9-8802-084AC1E9A79A} = {0AB3BF05-4346-4AA6-1389-037BE0695223}
		{5D9CFB09-F733-4F8A-AC2C-B9812505B807} = {827E0CD3-B72D-47B6-A68D-7590B98EB39B}
		{EC47F3DD-ACD1-47C8-9AAA-926997280E87} = {0AB3BF05-4346-4AA6-1389-037BE0695223}
		{7C67E7D9-ACE9-40A4-9837-4BE7D953D64A} = {827E0CD3-B72D-47B6-A68D-7590B98EB39B}
		{4B0C7947-B302-4F1F-9A26-5AE6B1B04719} = {827E0CD3-B72D-47B6-A68D-7590B98EB39B}
		{82DF4A9E-E830-4C0F-9BB0-87166684B7B9} = {827E0CD3-B72D-47B6-A68D-7590B98EB39B}
		{874D9C24-CF5D-4752-88BC-2E672B3D0D88} = {827E0CD3-B72D-47B6-A68D-7590B98EB39B}
		{31DF9142-C988-465F-A906-3B6A04E659AE} = {827E0CD3-B72D-47B6-A68D-7590B98EB39B}
		{E2BDFAF0-AFEF-4286-BDBC-DD5B6A9FBC73} = {827E0CD3-B72D-47B6-A68D-7590B98EB39B}
		{38650974-5FD3-4DC4-8F42-2C3E113C09AE} = {827E0CD3-B72D-47B6-A68D-7590B98EB39B}
		{3404933E-C547-4681-A91D-35E00EFA2A6B} = {827E0CD3-B72D-47B6-A68D-7590B98EB39B}
		{A77D8814-94DE-4CF9-99C2-48452F0E4671} = {827E0CD3-B72D-47B6-A68D-7590B98EB39B}
		{2C62FB4C-E5D1-421F-8D37-99044477894D} = {827E0CD3-B72D-47B6-A68D-7590B98EB39B}
		{9D408F88-FA1B-4B2A-A786-9B648D96A822} = {827E0CD3-B72D-47B6-A68D-7590B98EB39B}
		{4386DFF8-B289-422F-9DAC-D5E6F8611D8C} = {827E0CD3-B72D-47B6-A68D-7590B98EB39B}
		{FC5B1851-6C62-42A2-A795-441D5DF68CAE} = {827E0CD3-B72D-47B6-A68D-7590B98EB39B}
		{53C05804-74F2-4C89-AC0B-81A157BAD681} = {0AB3BF05-4346-4AA6-1389-037BE0695223}
		{28E0C3D4-49D6-406C-9EEA-27E1ACEF9CCB} = {0AB3BF05-4346-4AA6-1389-037BE0695223}
		{D2A5E965-CE5B-4580-9D05-40A9D3A21D4D} = {07C2787E-EAC7-C090-1BA3-A61EC2A24D84}
		{80826D9F-C6A8-4FCB-BCEF-F0CE8637B7AB} = {0AB3BF05-4346-4AA6-1389-037BE0695223}
		{D7363527-8ED7-4ED6-AAA8-5EE4D106E254} = {0AB3BF05-4346-4AA6-1389-037BE0695223}
		{DD65EEB3-ED2D-411A-B9F7-041AF6AE7B4D} = {0AB3BF05-4346-4AA6-1389-037BE0695223}
		{22765A3C-7EF6-4F1D-84FA-955C9BE17EC1} = {0AB3BF05-4346-4AA6-1389-037BE0695223}
		{CE4842E7-27AB-451A-B3BB-FA4CEF74909B} = {0AB3BF05-4346-4AA6-1389-037BE0695223}
		{D7ED82EE-70EE-48E8-A61B-E126409F604A} = {0AB3BF05-4346-4AA6-1389-037BE0695223}
		{3C602DFD-8E7C-4170-8BE8-88EBE82DAB8F} = {0AB3BF05-4346-4AA6-1389-037BE0695223}
		{93873130-7CA6-4833-AABE-4B352A4585F1} = {0AB3BF05-4346-4AA6-1389-037BE0695223}
		{34A88AF2-DB37-448B-9A6B-AEFC3E5F615E} = {827E0CD3-B72D-47B6-A68D-7590B98EB39B}
	EndGlobalSection
EndGlobal
