{
  "version": 1,
  "dependencies": {
    "net10.0-windows10.0.22621": {
      "Microsoft.Data.Sqlite": {
        "type": "Transitive",
        "resolved": "10.0.10",
        "contentHash": "58JwZ39lCvRXHfV5O6RQfbHEDu8ZsXI7weRoVRR4jrGRxxkS+qyeuGrN2xD+9VYEICApYr0iTSL6PuU+DdsvPg==",
        "dependencies": {
          "Microsoft.Data.Sqlite.Core": "10.0.10",
          "SQLitePCLRaw.bundle_e_sqlite3": "2.1.11",
          "SQLitePCLRaw.core": "2.1.11"
        }
      },
      "Microsoft.Data.Sqlite.Core": {
        "type": "Transitive",
        "resolved": "10.0.10",
        "contentHash": "TPCs0ldm7AWqcKmp6f/Xr+14sat7hx4rHfRlS4RgCURBH2thEWbAKEyX7cCWr63zVJVOJIJZTg2cBiUXa8ys6g==",
        "dependencies": {
          "SQLitePCLRaw.core": "2.1.11"
        }
      },
      "SharpGen.Runtime": {
        "type": "Transitive",
        "resolved": "2.2.0-beta",
        "contentHash": "pqf/lAf4jy1iWqkm37JmhoQhBMPVudI/F9qp2zVvzjWAPeSggRIuxGMVEZQ4UQiqtJ1Rf/+j3MVAONGYyCEDzQ=="
      },
      "SharpGen.Runtime.COM": {
        "type": "Transitive",
        "resolved": "2.2.0-beta",
        "contentHash": "4vsXC8ohyVslcUDVBoVXLDkjKprqujh3GWy+DqqULjyZ3GCx7nwRAV5DdrXZxX70iEiKyI3TxW3Qhf/oOXeC1Q==",
        "dependencies": {
          "SharpGen.Runtime": "2.2.0-beta"
        }
      },
      "SQLitePCLRaw.bundle_e_sqlite3": {
        "type": "Transitive",
        "resolved": "2.1.11",
        "contentHash": "DC4nA7yWnf4UZdgJDF+9Mus4/cb0Y3Sfgi3gDnAoKNAIBwzkskNAbNbyu+u4atT0ruVlZNJfwZmwiEwE5oz9LQ==",
        "dependencies": {
          "SQLitePCLRaw.lib.e_sqlite3": "2.1.11",
          "SQLitePCLRaw.provider.e_sqlite3": "2.1.11"
        }
      },
      "SQLitePCLRaw.core": {
        "type": "Transitive",
        "resolved": "2.1.11",
        "contentHash": "PK0GLFkfhZzLQeR3PJf71FmhtHox+U3vcY6ZtswoMjrefkB9k6ErNJEnwXqc5KgXDSjige2XXrezqS39gkpQKA=="
      },
      "SQLitePCLRaw.lib.e_sqlite3": {
        "type": "Transitive",
        "resolved": "2.1.12",
        "contentHash": "fWi8Dbknuhgg72fWinIdjXVaqO1hHL4YBBwVLnr7e1c9TAZwJ0QE38j9syW1hwx6HaqEVTwI+O07WPdZn8Rp0w=="
      },
      "SQLitePCLRaw.provider.e_sqlite3": {
        "type": "Transitive",
        "resolved": "2.1.11",
        "contentHash": "Y/0ZkR+r0Cg3DQFuCl1RBnv/tmxpIZRU3HUvelPw6MVaKHwYYR8YNvgs0vuNuXCMvlyJ+Fh88U1D4tah1tt6qw==",
        "dependencies": {
          "SQLitePCLRaw.core": "2.1.11"
        }
      },
      "Vortice.Direct3D11": {
        "type": "Transitive",
        "resolved": "3.6.2",
        "contentHash": "+tXkwV4YVFgox3NjLGBOPmEHK8Jd/8ElI3X8aX7xq4JhsC3J9BqpUhpI+4LOKeCGN+XCORhyFq0ow+pB44YQTg==",
        "dependencies": {
          "SharpGen.Runtime": "2.2.0-beta",
          "Vortice.DXGI": "3.6.2"
        }
      },
      "Vortice.DirectX": {
        "type": "Transitive",
        "resolved": "3.6.2",
        "contentHash": "pa/97U5IHascS/UJzMWFSKIs3wxh36zc8JpI+fzi/JLQk4wfTZur0n/Y9Lcp8i7hsf613Vu/6n6IImWSc9wupw==",
        "dependencies": {
          "SharpGen.Runtime": "2.2.0-beta",
          "SharpGen.Runtime.COM": "2.2.0-beta",
          "Vortice.Mathematics": "1.9.2"
        }
      },
      "Vortice.DXGI": {
        "type": "Transitive",
        "resolved": "3.6.2",
        "contentHash": "SPnBb1x3+CEqq7L5SEejElD2tMjkdE+bqN4c/eSNHj9WEpRPvAO0QFSEN8d9LiRDt9i9geD8m7E4s8sLMgz2qQ==",
        "dependencies": {
          "SharpGen.Runtime": "2.2.0-beta",
          "Vortice.DirectX": "3.6.2"
        }
      },
      "Vortice.Mathematics": {
        "type": "Transitive",
        "resolved": "1.9.2",
        "contentHash": "+fS68BN4Kn1g+Roh7qnuBdXnVrfpr9DpwPMsqe27J04nDCFUuhEvo+T5PqXU1lZwn8sLlNayWCx/U6w4gWCvuA=="
      },
      "openlogicool.ai": {
        "type": "Project",
        "dependencies": {
          "OpenLogicool.Contracts": "[1.0.0, )"
        }
      },
      "openlogicool.capture": {
        "type": "Project",
        "dependencies": {
          "OpenLogicool.Contracts": "[1.0.0, )",
          "Vortice.DXGI": "[3.6.2, )",
          "Vortice.Direct3D11": "[3.6.2, )"
        }
      },
      "openlogicool.contracts": {
        "type": "Project"
      },
      "openlogicool.desktop": {
        "type": "Project",
        "dependencies": {
          "OpenLogicool.Contracts": "[1.0.0, )",
          "OpenLogicool.Domain": "[1.0.0, )"
        }
      },
      "openlogicool.devices.g13": {
        "type": "Project",
        "dependencies": {
          "OpenLogicool.Contracts": "[1.0.0, )"
        }
      },
      "openlogicool.devices.g600": {
        "type": "Project",
        "dependencies": {
          "OpenLogicool.Contracts": "[1.0.0, )"
        }
      },
      "openlogicool.domain": {
        "type": "Project",
        "dependencies": {
          "OpenLogicool.Contracts": "[1.0.0, )"
        }
      },
      "openlogicool.input": {
        "type": "Project",
        "dependencies": {
          "OpenLogicool.Contracts": "[1.0.0, )",
          "OpenLogicool.Domain": "[1.0.0, )"
        }
      },
      "openlogicool.perception": {
        "type": "Project",
        "dependencies": {
          "OpenLogicool.Contracts": "[1.0.0, )"
        }
      },
      "openlogicool.persistence": {
        "type": "Project",
        "dependencies": {
          "Microsoft.Data.Sqlite": "[10.0.10, )",
          "OpenLogicool.Contracts": "[1.0.0, )",
          "OpenLogicool.Domain": "[1.0.0, )",
          "SQLitePCLRaw.lib.e_sqlite3": "[2.1.12, )"
        }
      },
      "openlogicool.playbooks": {
        "type": "Project",
        "dependencies": {
          "OpenLogicool.Contracts": "[1.0.0, )",
          "OpenLogicool.Domain": "[1.0.0, )"
        }
      },
      "openlogicool.profiles": {
        "type": "Project",
        "dependencies": {
          "OpenLogicool.Contracts": "[1.0.0, )",
          "OpenLogicool.Domain": "[1.0.0, )"
        }
      }
    }
  }
}