{
  "version": 1,
  "dependencies": {
    "net10.0-windows10.0.22621": {
      "AngleSharp": {
        "type": "Direct",
        "requested": "[1.7.1, )",
        "resolved": "1.7.1",
        "contentHash": "QBblGpRB3SYD66Mls7fHyl1mWkP93n7ErWDWHc1vd9sPHhdlTkmUoY3CjgfjcWNxGF9m7xjNyztRfErXqoBKOA=="
      },
      "ReverseMarkdown": {
        "type": "Direct",
        "requested": "[6.2.1, )",
        "resolved": "6.2.1",
        "contentHash": "4ef2AoeNdBHrKoMU6t04dxTQ72TXsNO3RfWU1YN5jaJjCIrQhvNo9nhfO+6z+j7UBZNadsdN2d4rzAFO27xUnw==",
        "dependencies": {
          "AngleSharp": "1.5.2"
        }
      },
      "System.IO.Ports": {
        "type": "Direct",
        "requested": "[10.0.11, )",
        "resolved": "10.0.11",
        "contentHash": "92gu68qcsZXcHhSyGxNdoVoDKxn9nV240k3jdq5b/vAzTt0QsFFE+bCmLKQ5p1XhAgelE5v+VaQEaAFH/JvZSA==",
        "dependencies": {
          "runtime.native.System.IO.Ports": "10.0.11"
        }
      },
      "Microsoft.Data.Sqlite": {
        "type": "Transitive",
        "resolved": "10.0.10",
        "contentHash": "58JwZ39lCvRXHfV5O6RQfbHEDu8ZsXI7weRoVRR4jrGRxxkS+qyeuGrN2xD+9VYEICApYr0iTSL6PuU+DdsvPg==",
        "dependencies": {
          "Microsoft.Data.Sqlite.Core": "10.0.10",
          "SQLitePCLRaw.bundle_e_sqlite3": "2.1.11",
          "SQLitePCLRaw.core": "2.1.11"
        }
      },
      "Microsoft.Data.Sqlite.Core": {
        "type": "Transitive",
        "resolved": "10.0.10",
        "contentHash": "TPCs0ldm7AWqcKmp6f/Xr+14sat7hx4rHfRlS4RgCURBH2thEWbAKEyX7cCWr63zVJVOJIJZTg2cBiUXa8ys6g==",
        "dependencies": {
          "SQLitePCLRaw.core": "2.1.11"
        }
      },
      "runtime.android-arm.runtime.native.System.IO.Ports": {
        "type": "Transitive",
        "resolved": "10.0.11",
        "contentHash": "6V3MEIBgMbF/kwIkY1ibNZB/9E/PN5289IZGdVYJfgMvuQt43YLHFz4i4PBZZ8Jp0/Pii14cyUU88avLfEYLvw=="
      },
      "runtime.android-arm64.runtime.native.System.IO.Ports": {
        "type": "Transitive",
        "resolved": "10.0.11",
        "contentHash": "mxz0iV8Vzq/ljCsphMngnoC4tue88i433b5meMihkVdFY8eytNBbubkZLNipCvhNgLFSq1FJ/5gn4VZ3uHOIBA=="
      },
      "runtime.android-x64.runtime.native.System.IO.Ports": {
        "type": "Transitive",
        "resolved": "10.0.11",
        "contentHash": "cH7lMdDHZ2/oZC2vDZuCALZkpPz0iLcW0smMngk1fkT6f4yZf916xa0ajMefSFYwpbRVMZi2JK3SRU/jY+Wd6w=="
      },
      "runtime.android-x86.runtime.native.System.IO.Ports": {
        "type": "Transitive",
        "resolved": "10.0.11",
        "contentHash": "7WDZu2EC63A+/z+HCnRET/6vFjTg4UVWvX4BaTd7fdrVuTMZcpPf4SdNfsI3wbY+zSweJ+CbWkeC9yq2WXlQug=="
      },
      "runtime.linux-arm.runtime.native.System.IO.Ports": {
        "type": "Transitive",
        "resolved": "10.0.11",
        "contentHash": "sf18XX+0LXVZ4iS6YGOGVVFx8tUzXVLZGFcSjGvQWZNgVyQUwqJigNrULJ0mEn5mrF8FdPpvvsQoQ2oZ0GeNYw=="
      },
      "runtime.linux-arm64.runtime.native.System.IO.Ports": {
        "type": "Transitive",
        "resolved": "10.0.11",
        "contentHash": "YPdZrWEiyI5B9WpWJpy/aFueieCn19956AebWnvY8qmVbmrddgdIag7MYk3jxlUqFfzDbPGD4Bwxn3nPNj1PMA=="
      },
      "runtime.linux-bionic-arm64.runtime.native.System.IO.Ports": {
        "type": "Transitive",
        "resolved": "10.0.11",
        "contentHash": "BwIgA8GupgMtWmjKMTjSR91Mp+msWPJxHIXoKJdPD/+xcp3s0yJNmYeVgLd/6x25ipULyiBfpqsxYeKirOuTcA=="
      },
      "runtime.linux-bionic-x64.runtime.native.System.IO.Ports": {
        "type": "Transitive",
        "resolved": "10.0.11",
        "contentHash": "gxMiB17KzKFH3jRGEeojEEJxbemEvkW9BruuLtF4DlEBgdDAvW+cUN0rIHLtj8yf5H4+vVvY6WiVb8EbTlDvWA=="
      },
      "runtime.linux-musl-arm.runtime.native.System.IO.Ports": {
        "type": "Transitive",
        "resolved": "10.0.11",
        "contentHash": "dqYz32Eb3HnDMgvv+OJz9GLi0d3qqEfkuQnEa43lg3aNmlYmXXWI9SvX0Tvqigd7GRaxWyKX7uEZfxvudO16Dg=="
      },
      "runtime.linux-musl-arm64.runtime.native.System.IO.Ports": {
        "type": "Transitive",
        "resolved": "10.0.11",
        "contentHash": "ZiOHYuPdEd7WFICA7U+0KWJmRETWeT/nHg6D5NagHmS3Poe7stluLQ9W/M/Svzz/m7cyFlL7e/d66hpgnG82Ww=="
      },
      "runtime.linux-musl-x64.runtime.native.System.IO.Ports": {
        "type": "Transitive",
        "resolved": "10.0.11",
        "contentHash": "qeTTy+SXea0z+hgXFkIiI9j9ikfVV8gxYDXKdmsl/X0S9tnk5gciAPQNxfoWfvzQYYrD7rl739JIt+I8z2pAxg=="
      },
      "runtime.linux-x64.runtime.native.System.IO.Ports": {
        "type": "Transitive",
        "resolved": "10.0.11",
        "contentHash": "s1FFe7n+ff5XV8SnLcmvW6W/9GsKm/TKkdkSh5ZmCPlry87xyDvGULjv/gIxlcIY5fpUB86nXIQ6EJp4WnL71g=="
      },
      "runtime.maccatalyst-arm64.runtime.native.System.IO.Ports": {
        "type": "Transitive",
        "resolved": "10.0.11",
        "contentHash": "7Mvev9kKh140KpgoZcmNxzk+1+TohKxLM1dyfjQcM8zUrJDAQenG5w0AGXa52z7Hk+5pS8c75s4s0GdU1Qv0lQ=="
      },
      "runtime.maccatalyst-x64.runtime.native.System.IO.Ports": {
        "type": "Transitive",
        "resolved": "10.0.11",
        "contentHash": "8qiWZ3aI5ugu4MouuEDu/vtS8stQEvG/Mf/ImoFSa/TcF11Hz54Ij1931VJnlvgpUB8BV8WFc928xqYah2wglw=="
      },
      "runtime.native.System.IO.Ports": {
        "type": "Transitive",
        "resolved": "10.0.11",
        "contentHash": "O7kVZRLIKBmkf+VRq/5tXgaeDQLuEiItxEdccCLtIW2eQFyH+uHAgW5Jet5idVr2FzIE4J9fj9s9DZSwnaqAhg==",
        "dependencies": {
          "runtime.android-arm.runtime.native.System.IO.Ports": "10.0.11",
          "runtime.android-arm64.runtime.native.System.IO.Ports": "10.0.11",
          "runtime.android-x64.runtime.native.System.IO.Ports": "10.0.11",
          "runtime.android-x86.runtime.native.System.IO.Ports": "10.0.11",
          "runtime.linux-arm.runtime.native.System.IO.Ports": "10.0.11",
          "runtime.linux-arm64.runtime.native.System.IO.Ports": "10.0.11",
          "runtime.linux-bionic-arm64.runtime.native.System.IO.Ports": "10.0.11",
          "runtime.linux-bionic-x64.runtime.native.System.IO.Ports": "10.0.11",
          "runtime.linux-musl-arm.runtime.native.System.IO.Ports": "10.0.11",
          "runtime.linux-musl-arm64.runtime.native.System.IO.Ports": "10.0.11",
          "runtime.linux-musl-x64.runtime.native.System.IO.Ports": "10.0.11",
          "runtime.linux-x64.runtime.native.System.IO.Ports": "10.0.11",
          "runtime.maccatalyst-arm64.runtime.native.System.IO.Ports": "10.0.11",
          "runtime.maccatalyst-x64.runtime.native.System.IO.Ports": "10.0.11",
          "runtime.osx-arm64.runtime.native.System.IO.Ports": "10.0.11",
          "runtime.osx-x64.runtime.native.System.IO.Ports": "10.0.11"
        }
      },
      "runtime.osx-arm64.runtime.native.System.IO.Ports": {
        "type": "Transitive",
        "resolved": "10.0.11",
        "contentHash": "XI/fS9+og9UOwFhHnQFf10NQaM26yOlaNjTVBc0I6KG4xMfw0TR4/PUacSiKnn5agfAQ74zh7T7ZogdWmsOCSg=="
      },
      "runtime.osx-x64.runtime.native.System.IO.Ports": {
        "type": "Transitive",
        "resolved": "10.0.11",
        "contentHash": "BCn5TG2WdJADWTdW6N/OluNWRb/kw63AnMU5wKV0rludx8uewlZQ9AHoEbxL6lQ2W9zNn1RX06A5ZoAZiq4Znw=="
      },
      "SharpGen.Runtime": {
        "type": "Transitive",
        "resolved": "2.2.0-beta",
        "contentHash": "pqf/lAf4jy1iWqkm37JmhoQhBMPVudI/F9qp2zVvzjWAPeSggRIuxGMVEZQ4UQiqtJ1Rf/+j3MVAONGYyCEDzQ=="
      },
      "SharpGen.Runtime.COM": {
        "type": "Transitive",
        "resolved": "2.2.0-beta",
        "contentHash": "4vsXC8ohyVslcUDVBoVXLDkjKprqujh3GWy+DqqULjyZ3GCx7nwRAV5DdrXZxX70iEiKyI3TxW3Qhf/oOXeC1Q==",
        "dependencies": {
          "SharpGen.Runtime": "2.2.0-beta"
        }
      },
      "SQLitePCLRaw.bundle_e_sqlite3": {
        "type": "Transitive",
        "resolved": "2.1.11",
        "contentHash": "DC4nA7yWnf4UZdgJDF+9Mus4/cb0Y3Sfgi3gDnAoKNAIBwzkskNAbNbyu+u4atT0ruVlZNJfwZmwiEwE5oz9LQ==",
        "dependencies": {
          "SQLitePCLRaw.lib.e_sqlite3": "2.1.11",
          "SQLitePCLRaw.provider.e_sqlite3": "2.1.11"
        }
      },
      "SQLitePCLRaw.core": {
        "type": "Transitive",
        "resolved": "2.1.11",
        "contentHash": "PK0GLFkfhZzLQeR3PJf71FmhtHox+U3vcY6ZtswoMjrefkB9k6ErNJEnwXqc5KgXDSjige2XXrezqS39gkpQKA=="
      },
      "SQLitePCLRaw.lib.e_sqlite3": {
        "type": "Transitive",
        "resolved": "2.1.12",
        "contentHash": "fWi8Dbknuhgg72fWinIdjXVaqO1hHL4YBBwVLnr7e1c9TAZwJ0QE38j9syW1hwx6HaqEVTwI+O07WPdZn8Rp0w=="
      },
      "SQLitePCLRaw.provider.e_sqlite3": {
        "type": "Transitive",
        "resolved": "2.1.11",
        "contentHash": "Y/0ZkR+r0Cg3DQFuCl1RBnv/tmxpIZRU3HUvelPw6MVaKHwYYR8YNvgs0vuNuXCMvlyJ+Fh88U1D4tah1tt6qw==",
        "dependencies": {
          "SQLitePCLRaw.core": "2.1.11"
        }
      },
      "Vortice.Direct3D11": {
        "type": "Transitive",
        "resolved": "3.6.2",
        "contentHash": "+tXkwV4YVFgox3NjLGBOPmEHK8Jd/8ElI3X8aX7xq4JhsC3J9BqpUhpI+4LOKeCGN+XCORhyFq0ow+pB44YQTg==",
        "dependencies": {
          "SharpGen.Runtime": "2.2.0-beta",
          "Vortice.DXGI": "3.6.2"
        }
      },
      "Vortice.DirectX": {
        "type": "Transitive",
        "resolved": "3.6.2",
        "contentHash": "pa/97U5IHascS/UJzMWFSKIs3wxh36zc8JpI+fzi/JLQk4wfTZur0n/Y9Lcp8i7hsf613Vu/6n6IImWSc9wupw==",
        "dependencies": {
          "SharpGen.Runtime": "2.2.0-beta",
          "SharpGen.Runtime.COM": "2.2.0-beta",
          "Vortice.Mathematics": "1.9.2"
        }
      },
      "Vortice.DXGI": {
        "type": "Transitive",
        "resolved": "3.6.2",
        "contentHash": "SPnBb1x3+CEqq7L5SEejElD2tMjkdE+bqN4c/eSNHj9WEpRPvAO0QFSEN8d9LiRDt9i9geD8m7E4s8sLMgz2qQ==",
        "dependencies": {
          "SharpGen.Runtime": "2.2.0-beta",
          "Vortice.DirectX": "3.6.2"
        }
      },
      "Vortice.Mathematics": {
        "type": "Transitive",
        "resolved": "1.9.2",
        "contentHash": "+fS68BN4Kn1g+Roh7qnuBdXnVrfpr9DpwPMsqe27J04nDCFUuhEvo+T5PqXU1lZwn8sLlNayWCx/U6w4gWCvuA=="
      },
      "openlogicool.ai": {
        "type": "Project",
        "dependencies": {
          "OpenLogicool.Contracts": "[1.0.0, )"
        }
      },
      "openlogicool.capture": {
        "type": "Project",
        "dependencies": {
          "OpenLogicool.Contracts": "[1.0.0, )",
          "Vortice.DXGI": "[3.6.2, )",
          "Vortice.Direct3D11": "[3.6.2, )"
        }
      },
      "openlogicool.contracts": {
        "type": "Project"
      },
      "openlogicool.desktop": {
        "type": "Project",
        "dependencies": {
          "OpenLogicool.Contracts": "[1.0.0, )",
          "OpenLogicool.Domain": "[1.0.0, )"
        }
      },
      "openlogicool.devices.g13": {
        "type": "Project",
        "dependencies": {
          "OpenLogicool.Contracts": "[1.0.0, )"
        }
      },
      "openlogicool.devices.g600": {
        "type": "Project",
        "dependencies": {
          "OpenLogicool.Contracts": "[1.0.0, )"
        }
      },
      "openlogicool.domain": {
        "type": "Project",
        "dependencies": {
          "OpenLogicool.Contracts": "[1.0.0, )"
        }
      },
      "openlogicool.exploration": {
        "type": "Project",
        "dependencies": {
          "OpenLogicool.Contracts": "[1.0.0, )",
          "OpenLogicool.Playbooks": "[1.0.0, )"
        }
      },
      "openlogicool.input": {
        "type": "Project",
        "dependencies": {
          "OpenLogicool.Contracts": "[1.0.0, )",
          "OpenLogicool.Domain": "[1.0.0, )"
        }
      },
      "openlogicool.perception": {
        "type": "Project",
        "dependencies": {
          "OpenLogicool.Contracts": "[1.0.0, )"
        }
      },
      "openlogicool.persistence": {
        "type": "Project",
        "dependencies": {
          "Microsoft.Data.Sqlite": "[10.0.10, )",
          "OpenLogicool.Contracts": "[1.0.0, )",
          "OpenLogicool.Domain": "[1.0.0, )",
          "SQLitePCLRaw.lib.e_sqlite3": "[2.1.12, )"
        }
      },
      "openlogicool.playbooks": {
        "type": "Project",
        "dependencies": {
          "OpenLogicool.Contracts": "[1.0.0, )",
          "OpenLogicool.Domain": "[1.0.0, )"
        }
      },
      "openlogicool.profiles": {
        "type": "Project",
        "dependencies": {
          "OpenLogicool.Contracts": "[1.0.0, )",
          "OpenLogicool.Domain": "[1.0.0, )"
        }
      }
    }
  }
}